
Microsoft Visual Studio Solution File, Format Version 12.00
# Visual Studio Version 16
VisualStudioVersion = 25.0.1706.8
MinimumVisualStudioVersion = 10.0.40219.1
Project("{FAE04EC0-301F-11D3-BF4B-00C04F79EFBC}") = "WebApi", "WebApi.csproj", "{90406B9F-811D-44F6-AD42-71D80B02C653}"
EndProject
Project("{E53339B2-1760-4266-BCC7-CA923CBCF16C}") = "docker-compose", "docker-compose.dcproj", "{C20AB168-30AA-41B2-8818-01FE20649C63}"
EndProject
Global
	GlobalSection(SolutionConfigurationPlatforms) = preSolution
		Debug|Any CPU = Debug|Any CPU
		Release|Any CPU = Release|Any CPU
	EndGlobalSection
	GlobalSection(ProjectConfigurationPlatforms) = postSolution
		{90406B9F-811D-44F6-AD42-71D80B02C653}.Debug|Any CPU.ActiveCfg = Debug|Any CPU
		{90406B9F-811D-44F6-AD42-71D80B02C653}.Debug|Any CPU.Build.0 = Debug|Any CPU
		{90406B9F-811D-44F6-AD42-71D80B02C653}.Release|Any CPU.ActiveCfg = Release|Any CPU
		{90406B9F-811D-44F6-AD42-71D80B02C653}.Release|Any CPU.Build.0 = Release|Any CPU
		{C20AB168-30AA-41B2-8818-01FE20649C63}.Debug|Any CPU.ActiveCfg = Debug|Any CPU
		{C20AB168-30AA-41B2-8818-01FE20649C63}.Debug|Any CPU.Build.0 = Debug|Any CPU
		{C20AB168-30AA-41B2-8818-01FE20649C63}.Release|Any CPU.ActiveCfg = Release|Any CPU
		{C20AB168-30AA-41B2-8818-01FE20649C63}.Release|Any CPU.Build.0 = Release|Any CPU
	EndGlobalSection
	GlobalSection(SolutionProperties) = preSolution
		HideSolutionNode = FALSE
	EndGlobalSection
	GlobalSection(ExtensibilityGlobals) = postSolution
		SolutionGuid = {C173BFA3-1E59-4605-A2B0-BBA828591330}
	EndGlobalSection
EndGlobal
